
Microsoft Visual Studio Solution File, Format Version 12.00
# Visual Studio Version 16
VisualStudioVersion = 16.0.31424.327
MinimumVisualStudioVersion = 10.0.40219.1
Project("{FAE04EC0-301F-11D3-BF4B-00C04F79EFBC}") = "multiplyApp", "multiplyApp\multiplyApp.csproj", "{3A4BDA3C-D488-4EFC-9EA0-486E32B539BB}"
EndProject
Global
	GlobalSection(SolutionConfigurationPlatforms) = preSolution
		Debug|Any CPU = Debug|Any CPU
		Release|Any CPU = Release|Any CPU
	EndGlobalSection
	GlobalSection(ProjectConfigurationPlatforms) = postSolution
		{3A4BDA3C-D488-4EFC-9EA0-486E32B539BB}.Debug|Any CPU.ActiveCfg = Debug|Any CPU
		{3A4BDA3C-D488-4EFC-9EA0-486E32B539BB}.Debug|Any CPU.Build.0 = Debug|Any CPU
		{3A4BDA3C-D488-4EFC-9EA0-486E32B539BB}.Release|Any CPU.ActiveCfg = Release|Any CPU
		{3A4BDA3C-D488-4EFC-9EA0-486E32B539BB}.Release|Any CPU.Build.0 = Release|Any CPU
	EndGlobalSection
	GlobalSection(SolutionProperties) = preSolution
		HideSolutionNode = FALSE
	EndGlobalSection
	GlobalSection(ExtensibilityGlobals) = postSolution
		SolutionGuid = {65B7D191-9411-4C26-8237-0AB089456E81}
	EndGlobalSection
EndGlobal
